
Microsoft Visual Studio Solution File, Format Version 12.00
# Visual Studio Version 17
VisualStudioVersion = 17.6.33815.320
MinimumVisualStudioVersion = 10.0.40219.1
Project("{FAE04EC0-301F-11D3-BF4B-00C04F79EFBC}") = "CobotADTNoSQLEventGridFunctionApp", "CobotADTNoSQLEventGridFunctionApp\CobotADTNoSQLEventGridFunctionApp.csproj", "{7DBAEB9E-9CF2-47B4-B9FA-C33C2E843A91}"
EndProject
Global
	GlobalSection(SolutionConfigurationPlatforms) = preSolution
		Debug|Any CPU = Debug|Any CPU
		Release|Any CPU = Release|Any CPU
	EndGlobalSection
	GlobalSection(ProjectConfigurationPlatforms) = postSolution
		{7DBAEB9E-9CF2-47B4-B9FA-C33C2E843A91}.Debug|Any CPU.ActiveCfg = Debug|Any CPU
		{7DBAEB9E-9CF2-47B4-B9FA-C33C2E843A91}.Debug|Any CPU.Build.0 = Debug|Any CPU
		{7DBAEB9E-9CF2-47B4-B9FA-C33C2E843A91}.Release|Any CPU.ActiveCfg = Release|Any CPU
		{7DBAEB9E-9CF2-47B4-B9FA-C33C2E843A91}.Release|Any CPU.Build.0 = Release|Any CPU
	EndGlobalSection
	GlobalSection(SolutionProperties) = preSolution
		HideSolutionNode = FALSE
	EndGlobalSection
	GlobalSection(ExtensibilityGlobals) = postSolution
		SolutionGuid = {0735A354-6FEF-4ABA-9C4E-439D81534F20}
	EndGlobalSection
EndGlobal
